
Microsoft Visual Studio Solution File, Format Version 12.00
# Visual Studio 15
Project("{FAE04EC0-301F-11D3-BF4B-00C04F79EFBC}") = "Assembly-CSharp", "Assembly-CSharp.csproj", "{14328711-428A-C6B1-465D-BDCE13CE7416}"
EndProject
Project("{FAE04EC0-301F-11D3-BF4B-00C04F79EFBC}") = "Assembly-CSharp-Editor", "Assembly-CSharp-Editor.csproj", "{60EE92F0-60EC-EED1-4A85-5AFCAAA18ECE}"
EndProject
Global
	GlobalSection(SolutionConfigurationPlatforms) = preSolution
		Debug|Any CPU = Debug|Any CPU
		Release|Any CPU = Release|Any CPU
	EndGlobalSection
	GlobalSection(ProjectConfigurationPlatforms) = postSolution
		{14328711-428A-C6B1-465D-BDCE13CE7416}.Debug|Any CPU.ActiveCfg = Debug|Any CPU
		{14328711-428A-C6B1-465D-BDCE13CE7416}.Debug|Any CPU.Build.0 = Debug|Any CPU
		{14328711-428A-C6B1-465D-BDCE13CE7416}.Release|Any CPU.ActiveCfg = Release|Any CPU
		{14328711-428A-C6B1-465D-BDCE13CE7416}.Release|Any CPU.Build.0 = Release|Any CPU
		{60EE92F0-60EC-EED1-4A85-5AFCAAA18ECE}.Debug|Any CPU.ActiveCfg = Debug|Any CPU
		{60EE92F0-60EC-EED1-4A85-5AFCAAA18ECE}.Debug|Any CPU.Build.0 = Debug|Any CPU
		{60EE92F0-60EC-EED1-4A85-5AFCAAA18ECE}.Release|Any CPU.ActiveCfg = Release|Any CPU
		{60EE92F0-60EC-EED1-4A85-5AFCAAA18ECE}.Release|Any CPU.Build.0 = Release|Any CPU
	EndGlobalSection
	GlobalSection(SolutionProperties) = preSolution
		HideSolutionNode = FALSE
	EndGlobalSection
EndGlobal
